// !$*UTF8*$!
{
	archiveVersion = 1;
	classes = {
	};
	objectVersion = 50;
	objects = {

/* Begin PBXBuildFile section */
		D2423E7824CD94D6009DE58C /* AppDelegate.swift in Sources */ = {isa = PBXBuildFile; fileRef = D2423E7724CD94D6009DE58C /* AppDelegate.swift */; };
		D2423E7A24CD94D6009DE58C /* SceneDelegate.swift in Sources */ = {isa = PBXBuildFile; fileRef = D2423E7924CD94D6009DE58C /* SceneDelegate.swift */; };
		D2423E7C24CD94D6009DE58C /* FirstViewController.swift in Sources */ = {isa = PBXBuildFile; fileRef = D2423E7B24CD94D6009DE58C /* FirstViewController.swift */; };
		D2423E7E24CD94D6009DE58C /* SecondViewController.swift in Sources */ = {isa = PBXBuildFile; fileRef = D2423E7D24CD94D6009DE58C /* SecondViewController.swift */; };
		D2423E8124CD94D6009DE58C /* Main.storyboard in Resources */ = {isa = PBXBuildFile; fileRef = D2423E7F24CD94D6009DE58C /* Main.storyboard */; };
		D2423E8424CD94D6009DE58C /* UIListApp.xcdatamodeld in Sources */ = {isa = PBXBuildFile; fileRef = D2423E8224CD94D6009DE58C /* UIListApp.xcdatamodeld */; };
		D2423E8624CD94D8009DE58C /* Assets.xcassets in Resources */ = {isa = PBXBuildFile; fileRef = D2423E8524CD94D8009DE58C /* Assets.xcassets */; };
		D2423E8924CD94D8009DE58C /* LaunchScreen.storyboard in Resources */ = {isa = PBXBuildFile; fileRef = D2423E8724CD94D8009DE58C /* LaunchScreen.storyboard */; };
		D2423E9424CD94D8009DE58C /* UIListAppTests.swift in Sources */ = {isa = PBXBuildFile; fileRef = D2423E9324CD94D8009DE58C /* UIListAppTests.swift */; };
		D2423E9F24CD94D8009DE58C /* UIListAppUITests.swift in Sources */ = {isa = PBXBuildFile; fileRef = D2423E9E24CD94D8009DE58C /* UIListAppUITests.swift */; };
/* End PBXBuildFile section */

/* Begin PBXContainerItemProxy section */
		D2423E9024CD94D8009DE58C /* PBXContainerItemProxy */ = {
			isa = PBXContainerItemProxy;
			containerPortal = D2423E6C24CD94D6009DE58C /* Project object */;
			proxyType = 1;
			remoteGlobalIDString = D2423E7324CD94D6009DE58C;
			remoteInfo = UIListApp;
		};
		D2423E9B24CD94D8009DE58C /* PBXContainerItemProxy */ = {
			isa = PBXContainerItemProxy;
			containerPortal = D2423E6C24CD94D6009DE58C /* Project object */;
			proxyType = 1;
			remoteGlobalIDString = D2423E7324CD94D6009DE58C;
			remoteInfo = UIListApp;
		};
/* End PBXContainerItemProxy section */

/* Begin PBXFileReference section */
		D2423E7424CD94D6009DE58C /* UIListApp.app */ = {isa = PBXFileReference; explicitFileType = wrapper.application; includeInIndex = 0; path = UIListApp.app; sourceTree = BUILT_PRODUCTS_DIR; };
		D2423E7724CD94D6009DE58C /* AppDelegate.swift */ = {isa = PBXFileReference; lastKnownFileType = sourcecode.swift; path = AppDelegate.swift; sourceTree = "<group>"; };
		D2423E7924CD94D6009DE58C /* SceneDelegate.swift */ = {isa = PBXFileReference; lastKnownFileType = sourcecode.swift; path = SceneDelegate.swift; sourceTree = "<group>"; };
		D2423E7B24CD94D6009DE58C /* FirstViewController.swift */ = {isa = PBXFileReference; lastKnownFileType = sourcecode.swift; path = FirstViewController.swift; sourceTree = "<group>"; };
		D2423E7D24CD94D6009DE58C /* SecondViewController.swift */ = {isa = PBXFileReference; lastKnownFileType = sourcecode.swift; path = SecondViewController.swift; sourceTree = "<group>"; };
		D2423E8024CD94D6009DE58C /* Base */ = {isa = PBXFileReference; lastKnownFileType = file.storyboard; name = Base; path = Base.lproj/Main.storyboard; sourceTree = "<group>"; };
		D2423E8324CD94D6009DE58C /* UIListApp.xcdatamodel */ = {isa = PBXFileReference; lastKnownFileType = wrapper.xcdatamodel; path = UIListApp.xcdatamodel; sourceTree = "<group>"; };
		D2423E8524CD94D8009DE58C /* Assets.xcassets */ = {isa = PBXFileReference; lastKnownFileType = folder.assetcatalog; path = Assets.xcassets; sourceTree = "<group>"; };
		D2423E8824CD94D8009DE58C /* Base */ = {isa = PBXFileReference; lastKnownFileType = file.storyboard; name = Base; path = Base.lproj/LaunchScreen.storyboard; sourceTree = "<group>"; };
		D2423E8A24CD94D8009DE58C /* Info.plist */ = {isa = PBXFileReference; lastKnownFileType = text.plist.xml; path = Info.plist; sourceTree = "<group>"; };
		D2423E8F24CD94D8009DE58C /* UIListAppTests.xctest */ = {isa = PBXFileReference; explicitFileType = wrapper.cfbundle; includeInIndex = 0; path = UIListAppTests.xctest; sourceTree = BUILT_PRODUCTS_DIR; };
		D2423E9324CD94D8009DE58C /* UIListAppTests.swift */ = {isa = PBXFileReference; lastKnownFileType = sourcecode.swift; path = UIListAppTests.swift; sourceTree = "<group>"; };
		D2423E9524CD94D8009DE58C /* Info.plist */ = {isa = PBXFileReference; lastKnownFileType = text.plist.xml; path = Info.plist; sourceTree = "<group>"; };
		D2423E9A24CD94D8009DE58C /* UIListAppUITests.xctest */ = {isa = PBXFileReference; explicitFileType = wrapper.cfbundle; includeInIndex = 0; path = UIListAppUITests.xctest; sourceTree = BUILT_PRODUCTS_DIR; };
		D2423E9E24CD94D8009DE58C /* UIListAppUITests.swift */ = {isa = PBXFileReference; lastKnownFileType = sourcecode.swift; path = UIListAppUITests.swift; sourceTree = "<group>"; };
		D2423EA024CD94D8009DE58C /* Info.plist */ = {isa = PBXFileReference; lastKnownFileType = text.plist.xml; path = Info.plist; sourceTree = "<group>"; };
/* End PBXFileReference section */

/* Begin PBXFrameworksBuildPhase section */
		D2423E7124CD94D6009DE58C /* Frameworks */ = {
			isa = PBXFrameworksBuildPhase;
			buildActionMask = 2147483647;
			files = (
			);
			runOnlyForDeploymentPostprocessing = 0;
		};
		D2423E8C24CD94D8009DE58C /* Frameworks */ = {
			isa = PBXFrameworksBuildPhase;
			buildActionMask = 2147483647;
			files = (
			);
			runOnlyForDeploymentPostprocessing = 0;
		};
		D2423E9724CD94D8009DE58C /* Frameworks */ = {
			isa = PBXFrameworksBuildPhase;
			buildActionMask = 2147483647;
			files = (
			);
			runOnlyForDeploymentPostprocessing = 0;
		};
/* End PBXFrameworksBuildPhase section */

/* Begin PBXGroup section */
		D2423E6B24CD94D6009DE58C = {
			isa = PBXGroup;
			children = (
				D2423E7624CD94D6009DE58C /* UIListApp */,
				D2423E9224CD94D8009DE58C /* UIListAppTests */,
				D2423E9D24CD94D8009DE58C /* UIListAppUITests */,
				D2423E7524CD94D6009DE58C /* Products */,
			);
			sourceTree = "<group>";
		};
		D2423E7524CD94D6009DE58C /* Products */ = {
			isa = PBXGroup;
			children = (
				D2423E7424CD94D6009DE58C /* UIListApp.app */,
				D2423E8F24CD94D8009DE58C /* UIListAppTests.xctest */,
				D2423E9A24CD94D8009DE58C /* UIListAppUITests.xctest */,
			);
			name = Products;
			sourceTree = "<group>";
		};
		D2423E7624CD94D6009DE58C /* UIListApp */ = {
			isa = PBXGroup;
			children = (
				D2423E7724CD94D6009DE58C /* AppDelegate.swift */,
				D2423E7924CD94D6009DE58C /* SceneDelegate.swift */,
				D2423E7B24CD94D6009DE58C /* FirstViewController.swift */,
				D2423E7D24CD94D6009DE58C /* SecondViewController.swift */,
				D2423E7F24CD94D6009DE58C /* Main.storyboard */,
				D2423E8524CD94D8009DE58C /* Assets.xcassets */,
				D2423E8724CD94D8009DE58C /* LaunchScreen.storyboard */,
				D2423E8A24CD94D8009DE58C /* Info.plist */,
				D2423E8224CD94D6009DE58C /* UIListApp.xcdatamodeld */,
			);
			path = UIListApp;
			sourceTree = "<group>";
		};
		D2423E9224CD94D8009DE58C /* UIListAppTests */ = {
			isa = PBXGroup;
			children = (
				D2423E9324CD94D8009DE58C /* UIListAppTests.swift */,
				D2423E9524CD94D8009DE58C /* Info.plist */,
			);
			path = UIListAppTests;
			sourceTree = "<group>";
		};
		D2423E9D24CD94D8009DE58C /* UIListAppUITests */ = {
			isa = PBXGroup;
			children = (
				D2423E9E24CD94D8009DE58C /* UIListAppUITests.swift */,
				D2423EA024CD94D8009DE58C /* Info.plist */,
			);
			path = UIListAppUITests;
			sourceTree = "<group>";
		};
/* End PBXGroup section */

/* Begin PBXNativeTarget section */
		D2423E7324CD94D6009DE58C /* UIListApp */ = {
			isa = PBXNativeTarget;
			buildConfigurationList = D2423EA324CD94D8009DE58C /* Build configuration list for PBXNativeTarget "UIListApp" */;
			buildPhases = (
				D2423E7024CD94D6009DE58C /* Sources */,
				D2423E7124CD94D6009DE58C /* Frameworks */,
				D2423E7224CD94D6009DE58C /* Resources */,
			);
			buildRules = (
			);
			dependencies = (
			);
			name = UIListApp;
			productName = UIListApp;
			productReference = D2423E7424CD94D6009DE58C /* UIListApp.app */;
			productType = "com.apple.product-type.application";
		};
		D2423E8E24CD94D8009DE58C /* UIListAppTests */ = {
			isa = PBXNativeTarget;
			buildConfigurationList = D2423EA624CD94D8009DE58C /* Build configuration list for PBXNativeTarget "UIListAppTests" */;
			buildPhases = (
				D2423E8B24CD94D8009DE58C /* Sources */,
				D2423E8C24CD94D8009DE58C /* Frameworks */,
				D2423E8D24CD94D8009DE58C /* Resources */,
			);
			buildRules = (
			);
			dependencies = (
				D2423E9124CD94D8009DE58C /* PBXTargetDependency */,
			);
			name = UIListAppTests;
			productName = UIListAppTests;
			productReference = D2423E8F24CD94D8009DE58C /* UIListAppTests.xctest */;
			productType = "com.apple.product-type.bundle.unit-test";
		};
		D2423E9924CD94D8009DE58C /* UIListAppUITests */ = {
			isa = PBXNativeTarget;
			buildConfigurationList = D2423EA924CD94D8009DE58C /* Build configuration list for PBXNativeTarget "UIListAppUITests" */;
			buildPhases = (
				D2423E9624CD94D8009DE58C /* Sources */,
				D2423E9724CD94D8009DE58C /* Frameworks */,
				D2423E9824CD94D8009DE58C /* Resources */,
			);
			buildRules = (
			);
			dependencies = (
				D2423E9C24CD94D8009DE58C /* PBXTargetDependency */,
			);
			name = UIListAppUITests;
			productName = UIListAppUITests;
			productReference = D2423E9A24CD94D8009DE58C /* UIListAppUITests.xctest */;
			productType = "com.apple.product-type.bundle.ui-testing";
		};
/* End PBXNativeTarget section */

/* Begin PBXProject section */
		D2423E6C24CD94D6009DE58C /* Project object */ = {
			isa = PBXProject;
			attributes = {
				LastSwiftUpdateCheck = 1160;
				LastUpgradeCheck = 1160;
				ORGANIZATIONNAME = susu;
				TargetAttributes = {
					D2423E7324CD94D6009DE58C = {
						CreatedOnToolsVersion = 11.6;
					};
					D2423E8E24CD94D8009DE58C = {
						CreatedOnToolsVersion = 11.6;
						TestTargetID = D2423E7324CD94D6009DE58C;
					};
					D2423E9924CD94D8009DE58C = {
						CreatedOnToolsVersion = 11.6;
						TestTargetID = D2423E7324CD94D6009DE58C;
					};
				};
			};
			buildConfigurationList = D2423E6F24CD94D6009DE58C /* Build configuration list for PBXProject "UIListApp" */;
			compatibilityVersion = "Xcode 9.3";
			developmentRegion = en;
			hasScannedForEncodings = 0;
			knownRegions = (
				en,
				Base,
			);
			mainGroup = D2423E6B24CD94D6009DE58C;
			productRefGroup = D2423E7524CD94D6009DE58C /* Products */;
			projectDirPath = "";
			projectRoot = "";
			targets = (
				D2423E7324CD94D6009DE58C /* UIListApp */,
				D2423E8E24CD94D8009DE58C /* UIListAppTests */,
				D2423E9924CD94D8009DE58C /* UIListAppUITests */,
			);
		};
/* End PBXProject section */

/* Begin PBXResourcesBuildPhase section */
		D2423E7224CD94D6009DE58C /* Resources */ = {
			isa = PBXResourcesBuildPhase;
			buildActionMask = 2147483647;
			files = (
				D2423E8924CD94D8009DE58C /* LaunchScreen.storyboard in Resources */,
				D2423E8624CD94D8009DE58C /* Assets.xcassets in Resources */,
				D2423E8124CD94D6009DE58C /* Main.storyboard in Resources */,
			);
			runOnlyForDeploymentPostprocessing = 0;
		};
		D2423E8D24CD94D8009DE58C /* Resources */ = {
			isa = PBXResourcesBuildPhase;
			buildActionMask = 2147483647;
			files = (
			);
			runOnlyForDeploymentPostprocessing = 0;
		};
		D2423E9824CD94D8009DE58C /* Resources */ = {
			isa = PBXResourcesBuildPhase;
			buildActionMask = 2147483647;
			files = (
			);
			runOnlyForDeploymentPostprocessing = 0;
		};
/* End PBXResourcesBuildPhase section */

/* Begin PBXSourcesBuildPhase section */
		D2423E7024CD94D6009DE58C /* Sources */ = {
			isa = PBXSourcesBuildPhase;
			buildActionMask = 2147483647;
			files = (
				D2423E7E24CD94D6009DE58C /* SecondViewController.swift in Sources */,
				D2423E7C24CD94D6009DE58C /* FirstViewController.swift in Sources */,
				D2423E7824CD94D6009DE58C /* AppDelegate.swift in Sources */,
				D2423E7A24CD94D6009DE58C /* SceneDelegate.swift in Sources */,
				D2423E8424CD94D6009DE58C /* UIListApp.xcdatamodeld in Sources */,
			);
			runOnlyForDeploymentPostprocessing = 0;
		};
		D2423E8B24CD94D8009DE58C /* Sources */ = {
			isa = PBXSourcesBuildPhase;
			buildActionMask = 2147483647;
			files = (
				D2423E9424CD94D8009DE58C /* UIListAppTests.swift in Sources */,
			);
			runOnlyForDeploymentPostprocessing = 0;
		};
		D2423E9624CD94D8009DE58C /* Sources */ = {
			isa = PBXSourcesBuildPhase;
			buildActionMask = 2147483647;
			files = (
				D2423E9F24CD94D8009DE58C /* UIListAppUITests.swift in Sources */,
			);
			runOnlyForDeploymentPostprocessing = 0;
		};
/* End PBXSourcesBuildPhase section */

/* Begin PBXTargetDependency section */
		D2423E9124CD94D8009DE58C /* PBXTargetDependency */ = {
			isa = PBXTargetDependency;
			target = D2423E7324CD94D6009DE58C /* UIListApp */;
			targetProxy = D2423E9024CD94D8009DE58C /* PBXContainerItemProxy */;
		};
		D2423E9C24CD94D8009DE58C /* PBXTargetDependency */ = {
			isa = PBXTargetDependency;
			target = D2423E7324CD94D6009DE58C /* UIListApp */;
			targetProxy = D2423E9B24CD94D8009DE58C /* PBXContainerItemProxy */;
		};
/* End PBXTargetDependency section */

/* Begin PBXVariantGroup section */
		D2423E7F24CD94D6009DE58C /* Main.storyboard */ = {
			isa = PBXVariantGroup;
			children = (
				D2423E8024CD94D6009DE58C /* Base */,
			);
			name = Main.storyboard;
			sourceTree = "<group>";
		};
		D2423E8724CD94D8009DE58C /* LaunchScreen.storyboard */ = {
			isa = PBXVariantGroup;
			children = (
				D2423E8824CD94D8009DE58C /* Base */,
			);
			name = LaunchScreen.storyboard;
			sourceTree = "<group>";
		};
/* End PBXVariantGroup section */

/* Begin XCBuildConfiguration section */
		D2423EA124CD94D8009DE58C /* Debug */ = {
			isa = XCBuildConfiguration;
			buildSettings = {
				ALWAYS_SEARCH_USER_PATHS = NO;
				CLANG_ANALYZER_NONNULL = YES;
				CLANG_ANALYZER_NUMBER_OBJECT_CONVERSION = YES_AGGRESSIVE;
				CLANG_CXX_LANGUAGE_STANDARD = "gnu++14";
				CLANG_CXX_LIBRARY = "libc++";
				CLANG_ENABLE_MODULES = YES;
				CLANG_ENABLE_OBJC_ARC = YES;
				CLANG_ENABLE_OBJC_WEAK = YES;
				CLANG_WARN_BLOCK_CAPTURE_AUTORELEASING = YES;
				CLANG_WARN_BOOL_CONVERSION = YES;
				CLANG_WARN_COMMA = YES;
				CLANG_WARN_CONSTANT_CONVERSION = YES;
				CLANG_WARN_DEPRECATED_OBJC_IMPLEMENTATIONS = YES;
				CLANG_WARN_DIRECT_OBJC_ISA_USAGE = YES_ERROR;
				CLANG_WARN_DOCUMENTATION_COMMENTS = YES;
				CLANG_WARN_EMPTY_BODY = YES;
				CLANG_WARN_ENUM_CONVERSION = YES;
				CLANG_WARN_INFINITE_RECURSION = YES;
				CLANG_WARN_INT_CONVERSION = YES;
				CLANG_WARN_NON_LITERAL_NULL_CONVERSION = YES;
				CLANG_WARN_OBJC_IMPLICIT_RETAIN_SELF = YES;
				CLANG_WARN_OBJC_LITERAL_CONVERSION = YES;
				CLANG_WARN_OBJC_ROOT_CLASS = YES_ERROR;
				CLANG_WARN_RANGE_LOOP_ANALYSIS = YES;
				CLANG_WARN_STRICT_PROTOTYPES = YES;
				CLANG_WARN_SUSPICIOUS_MOVE = YES;
				CLANG_WARN_UNGUARDED_AVAILABILITY = YES_AGGRESSIVE;
				CLANG_WARN_UNREACHABLE_CODE = YES;
				CLANG_WARN__DUPLICATE_METHOD_MATCH = YES;
				COPY_PHASE_STRIP = NO;
				DEBUG_INFORMATION_FORMAT = dwarf;
				ENABLE_STRICT_OBJC_MSGSEND = YES;
				ENABLE_TESTABILITY = YES;
				GCC_C_LANGUAGE_STANDARD = gnu11;
				GCC_DYNAMIC_NO_PIC = NO;
				GCC_NO_COMMON_BLOCKS = YES;
				GCC_OPTIMIZATION_LEVEL = 0;
				GCC_PREPROCESSOR_DEFINITIONS = (
					"DEBUG=1",
					"$(inherited)",
				);
				GCC_WARN_64_TO_32_BIT_CONVERSION = YES;
				GCC_WARN_ABOUT_RETURN_TYPE = YES_ERROR;
				GCC_WARN_UNDECLARED_SELECTOR = YES;
				GCC_WARN_UNINITIALIZED_AUTOS = YES_AGGRESSIVE;
				GCC_WARN_UNUSED_FUNCTION = YES;
				GCC_WARN_UNUSED_VARIABLE = YES;
				IPHONEOS_DEPLOYMENT_TARGET = 13.6;
				MTL_ENABLE_DEBUG_INFO = INCLUDE_SOURCE;
				MTL_FAST_MATH = YES;
				ONLY_ACTIVE_ARCH = YES;
				SDKROOT = iphoneos;
				SWIFT_ACTIVE_COMPILATION_CONDITIONS = DEBUG;
				SWIFT_OPTIMIZATION_LEVEL = "-Onone";
			};
			name = Debug;
		};
		D2423EA224CD94D8009DE58C /* Release */ = {
			isa = XCBuildConfiguration;
			buildSettings = {
				ALWAYS_SEARCH_USER_PATHS = NO;
				CLANG_ANALYZER_NONNULL = YES;
				CLANG_ANALYZER_NUMBER_OBJECT_CONVERSION = YES_AGGRESSIVE;
				CLANG_CXX_LANGUAGE_STANDARD = "gnu++14";
				CLANG_CXX_LIBRARY = "libc++";
				CLANG_ENABLE_MODULES = YES;
				CLANG_ENABLE_OBJC_ARC = YES;
				CLANG_ENABLE_OBJC_WEAK = YES;
				CLANG_WARN_BLOCK_CAPTURE_AUTORELEASING = YES;
				CLANG_WARN_BOOL_CONVERSION = YES;
				CLANG_WARN_COMMA = YES;
				CLANG_WARN_CONSTANT_CONVERSION = YES;
				CLANG_WARN_DEPRECATED_OBJC_IMPLEMENTATIONS = YES;
				CLANG_WARN_DIRECT_OBJC_ISA_USAGE = YES_ERROR;
				CLANG_WARN_DOCUMENTATION_COMMENTS = YES;
				CLANG_WARN_EMPTY_BODY = YES;
				CLANG_WARN_ENUM_CONVERSION = YES;
				CLANG_WARN_INFINITE_RECURSION = YES;
				CLANG_WARN_INT_CONVERSION = YES;
				CLANG_WARN_NON_LITERAL_NULL_CONVERSION = YES;
				CLANG_WARN_OBJC_IMPLICIT_RETAIN_SELF = YES;
				CLANG_WARN_OBJC_LITERAL_CONVERSION = YES;
				CLANG_WARN_OBJC_ROOT_CLASS = YES_ERROR;
				CLANG_WARN_RANGE_LOOP_ANALYSIS = YES;
				CLANG_WARN_STRICT_PROTOTYPES = YES;
				CLANG_WARN_SUSPICIOUS_MOVE = YES;
				CLANG_WARN_UNGUARDED_AVAILABILITY = YES_AGGRESSIVE;
				CLANG_WARN_UNREACHABLE_CODE = YES;
				CLANG_WARN__DUPLICATE_METHOD_MATCH = YES;
				COPY_PHASE_STRIP = NO;
				DEBUG_INFORMATION_FORMAT = "dwarf-with-dsym";
				ENABLE_NS_ASSERTIONS = NO;
				ENABLE_STRICT_OBJC_MSGSEND = YES;
				GCC_C_LANGUAGE_STANDARD = gnu11;
				GCC_NO_COMMON_BLOCKS = YES;
				GCC_WARN_64_TO_32_BIT_CONVERSION = YES;
				GCC_WARN_ABOUT_RETURN_TYPE = YES_ERROR;
				GCC_WARN_UNDECLARED_SELECTOR = YES;
				GCC_WARN_UNINITIALIZED_AUTOS = YES_AGGRESSIVE;
				GCC_WARN_UNUSED_FUNCTION = YES;
				GCC_WARN_UNUSED_VARIABLE = YES;
				IPHONEOS_DEPLOYMENT_TARGET = 13.6;
				MTL_ENABLE_DEBUG_INFO = NO;
				MTL_FAST_MATH = YES;
				SDKROOT = iphoneos;
				SWIFT_COMPILATION_MODE = wholemodule;
				SWIFT_OPTIMIZATION_LEVEL = "-O";
				VALIDATE_PRODUCT = YES;
			};
			name = Release;
		};
		D2423EA424CD94D8009DE58C /* Debug */ = {
			isa = XCBuildConfiguration;
			buildSettings = {
				ASSETCATALOG_COMPILER_APPICON_NAME = AppIcon;
				CODE_SIGN_STYLE = Automatic;
				DEVELOPMENT_TEAM = FEM7S8W23Q;
				INFOPLIST_FILE = UIListApp/Info.plist;
				LD_RUNPATH_SEARCH_PATHS = (
					"$(inherited)",
					"@executable_path/Frameworks",
				);
				PRODUCT_BUNDLE_IDENTIFIER = susu.com.UIListApp;
				PRODUCT_NAME = "$(TARGET_NAME)";
				SWIFT_VERSION = 5.0;
				TARGETED_DEVICE_FAMILY = "1,2";
			};
			name = Debug;
		};
		D2423EA524CD94D8009DE58C /* Release */ = {
			isa = XCBuildConfiguration;
			buildSettings = {
				ASSETCATALOG_COMPILER_APPICON_NAME = AppIcon;
				CODE_SIGN_STYLE = Automatic;
				DEVELOPMENT_TEAM = FEM7S8W23Q;
				INFOPLIST_FILE = UIListApp/Info.plist;
				LD_RUNPATH_SEARCH_PATHS = (
					"$(inherited)",
					"@executable_path/Frameworks",
				);
				PRODUCT_BUNDLE_IDENTIFIER = susu.com.UIListApp;
				PRODUCT_NAME = "$(TARGET_NAME)";
				SWIFT_VERSION = 5.0;
				TARGETED_DEVICE_FAMILY = "1,2";
			};
			name = Release;
		};
		D2423EA724CD94D8009DE58C /* Debug */ = {
			isa = XCBuildConfiguration;
			buildSettings = {
				ALWAYS_EMBED_SWIFT_STANDARD_LIBRARIES = YES;
				BUNDLE_LOADER = "$(TEST_HOST)";
				CODE_SIGN_STYLE = Automatic;
				DEVELOPMENT_TEAM = FEM7S8W23Q;
				INFOPLIST_FILE = UIListAppTests/Info.plist;
				IPHONEOS_DEPLOYMENT_TARGET = 13.6;
				LD_RUNPATH_SEARCH_PATHS = (
					"$(inherited)",
					"@executable_path/Frameworks",
					"@loader_path/Frameworks",
				);
				PRODUCT_BUNDLE_IDENTIFIER = susu.com.UIListAppTests;
				PRODUCT_NAME = "$(TARGET_NAME)";
				SWIFT_VERSION = 5.0;
				TARGETED_DEVICE_FAMILY = "1,2";
				TEST_HOST = "$(BUILT_PRODUCTS_DIR)/UIListApp.app/UIListApp";
			};
			name = Debug;
		};
		D2423EA824CD94D8009DE58C /* Release */ = {
			isa = XCBuildConfiguration;
			buildSettings = {
				ALWAYS_EMBED_SWIFT_STANDARD_LIBRARIES = YES;
				BUNDLE_LOADER = "$(TEST_HOST)";
				CODE_SIGN_STYLE = Automatic;
				DEVELOPMENT_TEAM = FEM7S8W23Q;
				INFOPLIST_FILE = UIListAppTests/Info.plist;
				IPHONEOS_DEPLOYMENT_TARGET = 13.6;
				LD_RUNPATH_SEARCH_PATHS = (
					"$(inherited)",
					"@executable_path/Frameworks",
					"@loader_path/Frameworks",
				);
				PRODUCT_BUNDLE_IDENTIFIER = susu.com.UIListAppTests;
				PRODUCT_NAME = "$(TARGET_NAME)";
				SWIFT_VERSION = 5.0;
				TARGETED_DEVICE_FAMILY = "1,2";
				TEST_HOST = "$(BUILT_PRODUCTS_DIR)/UIListApp.app/UIListApp";
			};
			name = Release;
		};
		D2423EAA24CD94D8009DE58C /* Debug */ = {
			isa = XCBuildConfiguration;
			buildSettings = {
				ALWAYS_EMBED_SWIFT_STANDARD_LIBRARIES = YES;
				CODE_SIGN_STYLE = Automatic;
				DEVELOPMENT_TEAM = FEM7S8W23Q;
				INFOPLIST_FILE = UIListAppUITests/Info.plist;
				LD_RUNPATH_SEARCH_PATHS = (
					"$(inherited)",
					"@executable_path/Frameworks",
					"@loader_path/Frameworks",
				);
				PRODUCT_BUNDLE_IDENTIFIER = susu.com.UIListAppUITests;
				PRODUCT_NAME = "$(TARGET_NAME)";
				SWIFT_VERSION = 5.0;
				TARGETED_DEVICE_FAMILY = "1,2";
				TEST_TARGET_NAME = UIListApp;
			};
			name = Debug;
		};
		D2423EAB24CD94D8009DE58C /* Release */ = {
			isa = XCBuildConfiguration;
			buildSettings = {
				ALWAYS_EMBED_SWIFT_STANDARD_LIBRARIES = YES;
				CODE_SIGN_STYLE = Automatic;
				DEVELOPMENT_TEAM = FEM7S8W23Q;
				INFOPLIST_FILE = UIListAppUITests/Info.plist;
				LD_RUNPATH_SEARCH_PATHS = (
					"$(inherited)",
					"@executable_path/Frameworks",
					"@loader_path/Frameworks",
				);
				PRODUCT_BUNDLE_IDENTIFIER = susu.com.UIListAppUITests;
				PRODUCT_NAME = "$(TARGET_NAME)";
				SWIFT_VERSION = 5.0;
				TARGETED_DEVICE_FAMILY = "1,2";
				TEST_TARGET_NAME = UIListApp;
			};
			name = Release;
		};
/* End XCBuildConfiguration section */

/* Begin XCConfigurationList section */
		D2423E6F24CD94D6009DE58C /* Build configuration list for PBXProject "UIListApp" */ = {
			isa = XCConfigurationList;
			buildConfigurations = (
				D2423EA124CD94D8009DE58C /* Debug */,
				D2423EA224CD94D8009DE58C /* Release */,
			);
			defaultConfigurationIsVisible = 0;
			defaultConfigurationName = Release;
		};
		D2423EA324CD94D8009DE58C /* Build configuration list for PBXNativeTarget "UIListApp" */ = {
			isa = XCConfigurationList;
			buildConfigurations = (
				D2423EA424CD94D8009DE58C /* Debug */,
				D2423EA524CD94D8009DE58C /* Release */,
			);
			defaultConfigurationIsVisible = 0;
			defaultConfigurationName = Release;
		};
		D2423EA624CD94D8009DE58C /* Build configuration list for PBXNativeTarget "UIListAppTests" */ = {
			isa = XCConfigurationList;
			buildConfigurations = (
				D2423EA724CD94D8009DE58C /* Debug */,
				D2423EA824CD94D8009DE58C /* Release */,
			);
			defaultConfigurationIsVisible = 0;
			defaultConfigurationName = Release;
		};
		D2423EA924CD94D8009DE58C /* Build configuration list for PBXNativeTarget "UIListAppUITests" */ = {
			isa = XCConfigurationList;
			buildConfigurations = (
				D2423EAA24CD94D8009DE58C /* Debug */,
				D2423EAB24CD94D8009DE58C /* Release */,
			);
			defaultConfigurationIsVisible = 0;
			defaultConfigurationName = Release;
		};
/* End XCConfigurationList section */

/* Begin XCVersionGroup section */
		D2423E8224CD94D6009DE58C /* UIListApp.xcdatamodeld */ = {
			isa = XCVersionGroup;
			children = (
				D2423E8324CD94D6009DE58C /* UIListApp.xcdatamodel */,
			);
			currentVersion = D2423E8324CD94D6009DE58C /* UIListApp.xcdatamodel */;
			path = UIListApp.xcdatamodeld;
			sourceTree = "<group>";
			versionGroupType = wrapper.xcdatamodel;
		};
/* End XCVersionGroup section */
	};
	rootObject = D2423E6C24CD94D6009DE58C /* Project object */;
}
